
Microsoft Visual Studio Solution File, Format Version 11.00
# Visual Studio 2010
Project("{CC5FD16D-436D-48AD-A40C-5A424C6E3E79}") = "WindowsAzureWebRole", "WindowsAzureWebRole\WindowsAzureWebRole.ccproj", "{5A38B8CA-E2DE-44C4-8F05-7242D034EAE3}"
EndProject
Project("{FAE04EC0-301F-11D3-BF4B-00C04F79EFBC}") = "WebRole", "WebRole\WebRole.csproj", "{4B1096F9-1427-4CBD-9305-0E6683F05113}"
EndProject
Global
	GlobalSection(SolutionConfigurationPlatforms) = preSolution
		Debug|Any CPU = Debug|Any CPU
		Release|Any CPU = Release|Any CPU
	EndGlobalSection
	GlobalSection(ProjectConfigurationPlatforms) = postSolution
		{5A38B8CA-E2DE-44C4-8F05-7242D034EAE3}.Debug|Any CPU.ActiveCfg = Debug|Any CPU
		{5A38B8CA-E2DE-44C4-8F05-7242D034EAE3}.Debug|Any CPU.Build.0 = Debug|Any CPU
		{5A38B8CA-E2DE-44C4-8F05-7242D034EAE3}.Release|Any CPU.ActiveCfg = Release|Any CPU
		{5A38B8CA-E2DE-44C4-8F05-7242D034EAE3}.Release|Any CPU.Build.0 = Release|Any CPU
		{4B1096F9-1427-4CBD-9305-0E6683F05113}.Debug|Any CPU.ActiveCfg = Debug|Any CPU
		{4B1096F9-1427-4CBD-9305-0E6683F05113}.Debug|Any CPU.Build.0 = Debug|Any CPU
		{4B1096F9-1427-4CBD-9305-0E6683F05113}.Release|Any CPU.ActiveCfg = Release|Any CPU
		{4B1096F9-1427-4CBD-9305-0E6683F05113}.Release|Any CPU.Build.0 = Release|Any CPU
	EndGlobalSection
	GlobalSection(SolutionProperties) = preSolution
		HideSolutionNode = FALSE
	EndGlobalSection
EndGlobal
